
Microsoft Visual Studio Solution File, Format Version 12.00
# Visual Studio Version 17
VisualStudioVersion = 17.3.32901.215
MinimumVisualStudioVersion = 10.0.40219.1
Project("{FAE04EC0-301F-11D3-BF4B-00C04F79EFBC}") = "VLCFileNameWriter", "VLCFileNameWriter.csproj", "{C2D1AC70-A7D3-4AC7-8C08-7404F9BDD132}"
EndProject
Global
	GlobalSection(SolutionConfigurationPlatforms) = preSolution
		Debug|Any CPU = Debug|Any CPU
		Release|Any CPU = Release|Any CPU
	EndGlobalSection
	GlobalSection(ProjectConfigurationPlatforms) = postSolution
		{C2D1AC70-A7D3-4AC7-8C08-7404F9BDD132}.Debug|Any CPU.ActiveCfg = Debug|Any CPU
		{C2D1AC70-A7D3-4AC7-8C08-7404F9BDD132}.Debug|Any CPU.Build.0 = Debug|Any CPU
		{C2D1AC70-A7D3-4AC7-8C08-7404F9BDD132}.Release|Any CPU.ActiveCfg = Release|Any CPU
		{C2D1AC70-A7D3-4AC7-8C08-7404F9BDD132}.Release|Any CPU.Build.0 = Release|Any CPU
	EndGlobalSection
	GlobalSection(SolutionProperties) = preSolution
		HideSolutionNode = FALSE
	EndGlobalSection
	GlobalSection(ExtensibilityGlobals) = postSolution
		SolutionGuid = {3CCD6E2F-03BF-4598-B218-32ABC4B7BD87}
	EndGlobalSection
EndGlobal
